
Microsoft Visual Studio Solution File, Format Version 12.00
# Visual Studio Version 17
VisualStudioVersion = 17.14.36414.22 d17.14
MinimumVisualStudioVersion = 10.0.40219.1
Project("{FAE04EC0-301F-11D3-BF4B-00C04F79EFBC}") = "SheeToList", "SheeToList\SheeToList.csproj", "{31B977BF-4F54-4327-951A-92A506B5B538}"
EndProject
Global
	GlobalSection(SolutionConfigurationPlatforms) = preSolution
		Debug|Any CPU = Debug|Any CPU
		Release|Any CPU = Release|Any CPU
	EndGlobalSection
	GlobalSection(ProjectConfigurationPlatforms) = postSolution
		{31B977BF-4F54-4327-951A-92A506B5B538}.Debug|Any CPU.ActiveCfg = Debug|Any CPU
		{31B977BF-4F54-4327-951A-92A506B5B538}.Debug|Any CPU.Build.0 = Debug|Any CPU
		{31B977BF-4F54-4327-951A-92A506B5B538}.Release|Any CPU.ActiveCfg = Release|Any CPU
		{31B977BF-4F54-4327-951A-92A506B5B538}.Release|Any CPU.Build.0 = Release|Any CPU
	EndGlobalSection
	GlobalSection(SolutionProperties) = preSolution
		HideSolutionNode = FALSE
	EndGlobalSection
	GlobalSection(ExtensibilityGlobals) = postSolution
		SolutionGuid = {38859ABA-2B22-4C8E-9FAE-1037A9052E3C}
	EndGlobalSection
EndGlobal
